
Microsoft Visual Studio Solution File, Format Version 12.00
# Visual Studio Version 17
VisualStudioVersion = 17.8.34408.163
MinimumVisualStudioVersion = 10.0.40219.1
Project("{9A19103F-16F7-4668-BE54-9A1E7A4F7556}") = "PeterDoStuff", "PeterDoStuff\PeterDoStuff.csproj", "{1982E665-9475-46AD-B8C0-5C8A2E1F7F91}"
EndProject
Project("{9A19103F-16F7-4668-BE54-9A1E7A4F7556}") = "PeterDoStuff.Test", "PeterDoStuff.Test\PeterDoStuff.Test.csproj", "{C9F97B31-63EB-4761-8180-EDD755CEC4D0}"
EndProject
Project("{9A19103F-16F7-4668-BE54-9A1E7A4F7556}") = "PeterDoStuff.MudWasmHosted.Client", "PeterDoStuff.MudWasmHosted\Client\PeterDoStuff.MudWasmHosted.Client.csproj", "{6EDFEC95-DAF3-4ECF-A236-C415BEEA5723}"
EndProject
Project("{9A19103F-16F7-4668-BE54-9A1E7A4F7556}") = "PeterDoStuff.MudWasmHosted.Server", "PeterDoStuff.MudWasmHosted\Server\PeterDoStuff.MudWasmHosted.Server.csproj", "{90E8E53A-6582-430D-97BD-2C62859E3987}"
EndProject
Project("{9A19103F-16F7-4668-BE54-9A1E7A4F7556}") = "PeterDoStuff.MudWasmHosted.Shared", "PeterDoStuff.MudWasmHosted\Shared\PeterDoStuff.MudWasmHosted.Shared.csproj", "{A31A8EFC-D4BD-401E-B56A-AAAC82FB9E0C}"
EndProject
Project("{2150E333-8FDC-42A3-9474-1A3956D46DE8}") = "Solution Items", "Solution Items", "{A5880F1A-93B4-4315-B438-B793902730AF}"
	ProjectSection(SolutionItems) = preProject
		README.md = README.md
	EndProjectSection
EndProject
Global
	GlobalSection(SolutionConfigurationPlatforms) = preSolution
		Debug|Any CPU = Debug|Any CPU
		Release|Any CPU = Release|Any CPU
	EndGlobalSection
	GlobalSection(ProjectConfigurationPlatforms) = postSolution
		{1982E665-9475-46AD-B8C0-5C8A2E1F7F91}.Debug|Any CPU.ActiveCfg = Debug|Any CPU
		{1982E665-9475-46AD-B8C0-5C8A2E1F7F91}.Debug|Any CPU.Build.0 = Debug|Any CPU
		{1982E665-9475-46AD-B8C0-5C8A2E1F7F91}.Release|Any CPU.ActiveCfg = Release|Any CPU
		{1982E665-9475-46AD-B8C0-5C8A2E1F7F91}.Release|Any CPU.Build.0 = Release|Any CPU
		{C9F97B31-63EB-4761-8180-EDD755CEC4D0}.Debug|Any CPU.ActiveCfg = Debug|Any CPU
		{C9F97B31-63EB-4761-8180-EDD755CEC4D0}.Debug|Any CPU.Build.0 = Debug|Any CPU
		{C9F97B31-63EB-4761-8180-EDD755CEC4D0}.Release|Any CPU.ActiveCfg = Release|Any CPU
		{C9F97B31-63EB-4761-8180-EDD755CEC4D0}.Release|Any CPU.Build.0 = Release|Any CPU
		{6EDFEC95-DAF3-4ECF-A236-C415BEEA5723}.Debug|Any CPU.ActiveCfg = Debug|Any CPU
		{6EDFEC95-DAF3-4ECF-A236-C415BEEA5723}.Debug|Any CPU.Build.0 = Debug|Any CPU
		{6EDFEC95-DAF3-4ECF-A236-C415BEEA5723}.Release|Any CPU.ActiveCfg = Release|Any CPU
		{6EDFEC95-DAF3-4ECF-A236-C415BEEA5723}.Release|Any CPU.Build.0 = Release|Any CPU
		{90E8E53A-6582-430D-97BD-2C62859E3987}.Debug|Any CPU.ActiveCfg = Debug|Any CPU
		{90E8E53A-6582-430D-97BD-2C62859E3987}.Debug|Any CPU.Build.0 = Debug|Any CPU
		{90E8E53A-6582-430D-97BD-2C62859E3987}.Release|Any CPU.ActiveCfg = Release|Any CPU
		{90E8E53A-6582-430D-97BD-2C62859E3987}.Release|Any CPU.Build.0 = Release|Any CPU
		{A31A8EFC-D4BD-401E-B56A-AAAC82FB9E0C}.Debug|Any CPU.ActiveCfg = Debug|Any CPU
		{A31A8EFC-D4BD-401E-B56A-AAAC82FB9E0C}.Debug|Any CPU.Build.0 = Debug|Any CPU
		{A31A8EFC-D4BD-401E-B56A-AAAC82FB9E0C}.Release|Any CPU.ActiveCfg = Release|Any CPU
		{A31A8EFC-D4BD-401E-B56A-AAAC82FB9E0C}.Release|Any CPU.Build.0 = Release|Any CPU
	EndGlobalSection
	GlobalSection(SolutionProperties) = preSolution
		HideSolutionNode = FALSE
	EndGlobalSection
	GlobalSection(ExtensibilityGlobals) = postSolution
		SolutionGuid = {A06A7EF4-391C-4DC1-A210-E3D03E69AFF8}
	EndGlobalSection
EndGlobal
